
Microsoft Visual Studio Solution File, Format Version 12.00
# Visual Studio Version 17
VisualStudioVersion = 17.4.33213.308
MinimumVisualStudioVersion = 10.0.40219.1
Project("{FAE04EC0-301F-11D3-BF4B-00C04F79EFBC}") = "geometry-fight", "geometry-fight\geometry-fight.csproj", "{72DEBABB-E089-4D68-A09F-97B2BEA078D5}"
EndProject
Global
	GlobalSection(SolutionConfigurationPlatforms) = preSolution
		Debug|Any CPU = Debug|Any CPU
		Release|Any CPU = Release|Any CPU
	EndGlobalSection
	GlobalSection(ProjectConfigurationPlatforms) = postSolution
		{72DEBABB-E089-4D68-A09F-97B2BEA078D5}.Debug|Any CPU.ActiveCfg = Debug|Any CPU
		{72DEBABB-E089-4D68-A09F-97B2BEA078D5}.Debug|Any CPU.Build.0 = Debug|Any CPU
		{72DEBABB-E089-4D68-A09F-97B2BEA078D5}.Release|Any CPU.ActiveCfg = Release|Any CPU
		{72DEBABB-E089-4D68-A09F-97B2BEA078D5}.Release|Any CPU.Build.0 = Release|Any CPU
	EndGlobalSection
	GlobalSection(SolutionProperties) = preSolution
		HideSolutionNode = FALSE
	EndGlobalSection
	GlobalSection(ExtensibilityGlobals) = postSolution
		SolutionGuid = {30E31E04-DEA7-4670-91FA-B72CC8DF6FC0}
	EndGlobalSection
EndGlobal
